
Microsoft Visual Studio Solution File, Format Version 12.00
# Visual Studio Version 16
VisualStudioVersion = 16.0.31702.278
MinimumVisualStudioVersion = 10.0.40219.1
Project("{FAE04EC0-301F-11D3-BF4B-00C04F79EFBC}") = "ProcessRepro", "ProcessRepro\ProcessRepro.csproj", "{453989F7-CC73-4A77-B19E-A8B69932979F}"
EndProject
Project("{FAE04EC0-301F-11D3-BF4B-00C04F79EFBC}") = "SubProcess", "SubProcess\SubProcess.csproj", "{BBAE82F9-97BC-44F1-8F31-F80C5212ED43}"
EndProject
Project("{FAE04EC0-301F-11D3-BF4B-00C04F79EFBC}") = "ProcessStarter", "ProcessStarter\ProcessStarter.csproj", "{E1F53453-65A1-4F20-8E64-9548C707043F}"
EndProject
Global
	GlobalSection(SolutionConfigurationPlatforms) = preSolution
		Debug|Any CPU = Debug|Any CPU
		Release|Any CPU = Release|Any CPU
	EndGlobalSection
	GlobalSection(ProjectConfigurationPlatforms) = postSolution
		{453989F7-CC73-4A77-B19E-A8B69932979F}.Debug|Any CPU.ActiveCfg = Debug|Any CPU
		{453989F7-CC73-4A77-B19E-A8B69932979F}.Debug|Any CPU.Build.0 = Debug|Any CPU
		{453989F7-CC73-4A77-B19E-A8B69932979F}.Release|Any CPU.ActiveCfg = Release|Any CPU
		{453989F7-CC73-4A77-B19E-A8B69932979F}.Release|Any CPU.Build.0 = Release|Any CPU
		{BBAE82F9-97BC-44F1-8F31-F80C5212ED43}.Debug|Any CPU.ActiveCfg = Debug|Any CPU
		{BBAE82F9-97BC-44F1-8F31-F80C5212ED43}.Debug|Any CPU.Build.0 = Debug|Any CPU
		{BBAE82F9-97BC-44F1-8F31-F80C5212ED43}.Release|Any CPU.ActiveCfg = Release|Any CPU
		{BBAE82F9-97BC-44F1-8F31-F80C5212ED43}.Release|Any CPU.Build.0 = Release|Any CPU
		{E1F53453-65A1-4F20-8E64-9548C707043F}.Debug|Any CPU.ActiveCfg = Debug|Any CPU
		{E1F53453-65A1-4F20-8E64-9548C707043F}.Debug|Any CPU.Build.0 = Debug|Any CPU
		{E1F53453-65A1-4F20-8E64-9548C707043F}.Release|Any CPU.ActiveCfg = Release|Any CPU
		{E1F53453-65A1-4F20-8E64-9548C707043F}.Release|Any CPU.Build.0 = Release|Any CPU
	EndGlobalSection
	GlobalSection(SolutionProperties) = preSolution
		HideSolutionNode = FALSE
	EndGlobalSection
	GlobalSection(ExtensibilityGlobals) = postSolution
		SolutionGuid = {270628E8-15D7-4B88-8333-C9B57F291E88}
	EndGlobalSection
EndGlobal
